{
  "version": 4,
  "terraform_version": "1.8.5",
  "serial": 9,
  "lineage": "277f2b98-6b6a-9ef4-02a6-b11f868512e6",
  "outputs": {},
  "resources": [
    {
      "module": "module.knowler_sa",
      "mode": "managed",
      "type": "azurerm_storage_account",
      "name": "techhub_llmapi_sa",
      "provider": "provider[\"registry.terraform.io/hashicorp/azurerm\"]",
      "instances": [
        {
          "schema_version": 3,
          "attributes": {
            "access_tier": "Hot",
            "account_kind": "StorageV2",
            "account_replication_type": "LRS",
            "account_tier": "Standard",
            "allow_nested_items_to_be_public": false,
            "azure_files_authentication": [],
            "blob_properties": [
              {
                "change_feed_enabled": false,
                "change_feed_retention_in_days": 0,
                "container_delete_retention_policy": [],
                "cors_rule": [],
                "default_service_version": "",
                "delete_retention_policy": [],
                "last_access_time_enabled": false,
                "restore_policy": [],
                "versioning_enabled": false
              }
            ],
            "cross_tenant_replication_enabled": true,
            "custom_domain": [],
            "customer_managed_key": [],
            "default_to_oauth_authentication": false,
            "edge_zone": "",
            "enable_https_traffic_only": true,
            "id": "/subscriptions/87c254b4-b6e7-401b-9c96-089fb4807405/resourceGroups/TechHub/providers/Microsoft.Storage/storageAccounts/satechhub01",
            "identity": [],
            "immutability_policy": [],
            "infrastructure_encryption_enabled": false,
            "is_hns_enabled": false,
            "large_file_share_enabled": null,
            "location": "westeurope",
            "min_tls_version": "TLS1_2",
            "name": "satechhub01",
            "network_rules": [
              {
                "bypass": [
                  "AzureServices"
                ],
                "default_action": "Allow",
                "ip_rules": [],
                "private_link_access": [],
                "virtual_network_subnet_ids": []
              }
            ],
            "nfsv3_enabled": false,
            "primary_access_key": "US/LIQW6ZQetQyin+lPHMvbSM44Skg0Vp82mS7LWu86Jd/+CHQSoTUTqqJz24INjbj27dHMhbMvK+AStBFzJGA==",
            "primary_blob_connection_string": "DefaultEndpointsProtocol=https;BlobEndpoint=https://satechhub01.blob.core.windows.net/;AccountName=satechhub01;AccountKey=US/LIQW6ZQetQyin+lPHMvbSM44Skg0Vp82mS7LWu86Jd/+CHQSoTUTqqJz24INjbj27dHMhbMvK+AStBFzJGA==",
            "primary_blob_endpoint": "https://satechhub01.blob.core.windows.net/",
            "primary_blob_host": "satechhub01.blob.core.windows.net",
            "primary_connection_string": "DefaultEndpointsProtocol=https;AccountName=satechhub01;AccountKey=US/LIQW6ZQetQyin+lPHMvbSM44Skg0Vp82mS7LWu86Jd/+CHQSoTUTqqJz24INjbj27dHMhbMvK+AStBFzJGA==;EndpointSuffix=core.windows.net",
            "primary_dfs_endpoint": "https://satechhub01.dfs.core.windows.net/",
            "primary_dfs_host": "satechhub01.dfs.core.windows.net",
            "primary_file_endpoint": "https://satechhub01.file.core.windows.net/",
            "primary_file_host": "satechhub01.file.core.windows.net",
            "primary_location": "westeurope",
            "primary_queue_endpoint": "https://satechhub01.queue.core.windows.net/",
            "primary_queue_host": "satechhub01.queue.core.windows.net",
            "primary_table_endpoint": "https://satechhub01.table.core.windows.net/",
            "primary_table_host": "satechhub01.table.core.windows.net",
            "primary_web_endpoint": "https://satechhub01.z6.web.core.windows.net/",
            "primary_web_host": "satechhub01.z6.web.core.windows.net",
            "public_network_access_enabled": true,
            "queue_encryption_key_type": "Service",
            "queue_properties": [],
            "resource_group_name": "TechHub",
            "routing": [],
            "sas_policy": [],
            "secondary_access_key": "YYkevmJGUHyDUhVMjWcltYSZ5gvn6ffMFH9LNO5ZVR+2J9NdG0n+npzomxCumMIX5T8WqE07wepK+AStWvcj7Q==",
            "secondary_blob_connection_string": "",
            "secondary_blob_endpoint": null,
            "secondary_blob_host": null,
            "secondary_connection_string": "DefaultEndpointsProtocol=https;AccountName=satechhub01;AccountKey=YYkevmJGUHyDUhVMjWcltYSZ5gvn6ffMFH9LNO5ZVR+2J9NdG0n+npzomxCumMIX5T8WqE07wepK+AStWvcj7Q==;EndpointSuffix=core.windows.net",
            "secondary_dfs_endpoint": null,
            "secondary_dfs_host": null,
            "secondary_file_endpoint": null,
            "secondary_file_host": null,
            "secondary_location": "",
            "secondary_queue_endpoint": null,
            "secondary_queue_host": null,
            "secondary_table_endpoint": null,
            "secondary_table_host": null,
            "secondary_web_endpoint": null,
            "secondary_web_host": null,
            "sftp_enabled": false,
            "share_properties": [
              {
                "cors_rule": [],
                "retention_policy": [
                  {
                    "days": 7
                  }
                ],
                "smb": []
              }
            ],
            "shared_access_key_enabled": true,
            "static_website": [],
            "table_encryption_key_type": "Service",
            "tags": {
              "Deployment": "TechHub",
              "Environment": "Sandbox"
            },
            "timeouts": null
          },
          "sensitive_attributes": [
            [
              {
                "type": "get_attr",
                "value": "primary_access_key"
              }
            ],
            [
              {
                "type": "get_attr",
                "value": "primary_blob_connection_string"
              }
            ],
            [
              {
                "type": "get_attr",
                "value": "secondary_blob_connection_string"
              }
            ],
            [
              {
                "type": "get_attr",
                "value": "secondary_access_key"
              }
            ],
            [
              {
                "type": "get_attr",
                "value": "primary_connection_string"
              }
            ],
            [
              {
                "type": "get_attr",
                "value": "secondary_connection_string"
              }
            ]
          ],
          "private": "eyJlMmJmYjczMC1lY2FhLTExZTYtOGY4OC0zNDM2M2JjN2M0YzAiOnsiY3JlYXRlIjozNjAwMDAwMDAwMDAwLCJkZWxldGUiOjM2MDAwMDAwMDAwMDAsInJlYWQiOjMwMDAwMDAwMDAwMCwidXBkYXRlIjozNjAwMDAwMDAwMDAwfSwic2NoZW1hX3ZlcnNpb24iOiIzIn0="
        }
      ]
    },
    {
      "module": "module.knowler_sa",
      "mode": "managed",
      "type": "azurerm_storage_container",
      "name": "techhub_llmapi_sa_container",
      "provider": "provider[\"registry.terraform.io/hashicorp/azurerm\"]",
      "instances": [
        {
          "index_key": "llmapi-backend",
          "schema_version": 1,
          "attributes": {
            "container_access_type": "private",
            "has_immutability_policy": false,
            "has_legal_hold": false,
            "id": "https://satechhub01.blob.core.windows.net/llmapi-backend",
            "metadata": {},
            "name": "llmapi-backend",
            "resource_manager_id": "/subscriptions/87c254b4-b6e7-401b-9c96-089fb4807405/resourceGroups/TechHub/providers/Microsoft.Storage/storageAccounts/satechhub01/blobServices/default/containers/llmapi-backend",
            "storage_account_name": "satechhub01",
            "timeouts": null
          },
          "sensitive_attributes": [],
          "private": "eyJlMmJmYjczMC1lY2FhLTExZTYtOGY4OC0zNDM2M2JjN2M0YzAiOnsiY3JlYXRlIjoxODAwMDAwMDAwMDAwLCJkZWxldGUiOjE4MDAwMDAwMDAwMDAsInJlYWQiOjMwMDAwMDAwMDAwMCwidXBkYXRlIjoxODAwMDAwMDAwMDAwfSwic2NoZW1hX3ZlcnNpb24iOiIxIn0=",
          "dependencies": [
            "module.knowler_sa.azurerm_storage_account.techhub_llmapi_sa"
          ]
        },
        {
          "index_key": "llmapi-data",
          "schema_version": 1,
          "attributes": {
            "container_access_type": "private",
            "has_immutability_policy": false,
            "has_legal_hold": false,
            "id": "https://satechhub01.blob.core.windows.net/llmapi-data",
            "metadata": {},
            "name": "llmapi-data",
            "resource_manager_id": "/subscriptions/87c254b4-b6e7-401b-9c96-089fb4807405/resourceGroups/TechHub/providers/Microsoft.Storage/storageAccounts/satechhub01/blobServices/default/containers/llmapi-data",
            "storage_account_name": "satechhub01",
            "timeouts": null
          },
          "sensitive_attributes": [],
          "private": "eyJlMmJmYjczMC1lY2FhLTExZTYtOGY4OC0zNDM2M2JjN2M0YzAiOnsiY3JlYXRlIjoxODAwMDAwMDAwMDAwLCJkZWxldGUiOjE4MDAwMDAwMDAwMDAsInJlYWQiOjMwMDAwMDAwMDAwMCwidXBkYXRlIjoxODAwMDAwMDAwMDAwfSwic2NoZW1hX3ZlcnNpb24iOiIxIn0=",
          "dependencies": [
            "module.knowler_sa.azurerm_storage_account.techhub_llmapi_sa"
          ]
        }
      ]
    }
  ],
  "check_results": null
}
